<?xml version="1.0" encoding="UTF-8" standalone="yes" ?>
<CodeBlocks_project_file>
	<FileVersion major="1" minor="6" />
	<Project>
		<Option title="PlatformPerils" />
		<Option makefile="makefile" />
		<Option pch_mode="2" />
		<Option compiler="gcc" />
		<Build>
			<Target title="Debug">
				<Option output="bin/Debug/Demo" prefix_auto="1" extension_auto="1" />
				<Option object_output="obj/Debug/" />
				<Option type="1" />
				<Option compiler="gcc" />
				<Compiler>
					<Add option="-g" />
				</Compiler>
			</Target>
			<Target title="Release">
				<Option output="bin/Release/Demo" prefix_auto="1" extension_auto="1" />
				<Option object_output="obj/Release/" />
				<Option type="1" />
				<Option compiler="gcc" />
				<Compiler>
					<Add option="-O2" />
				</Compiler>
				<Linker>
					<Add option="-s" />
				</Linker>
			</Target>
		</Build>
		<Compiler>
			<Add option="-std=c++11" />
			<Add option="-Wall" />
			<Add option='[[if(PLATFORM == PLATFORM_GTK ) { print(&quot;-DLINUX&quot;); } else if(PLATFORM == PLATFORM_MSW) { print(&quot;-DWIN32 -march=i486&quot;); }; ]]' />
			<Add option="-DGLEW_STATIC" />
			<Add option="-DGLM_FORCE_RADIANS" />
			<Add option="-DAL_LIBTYPE_STATIC" />
			<Add option="-DALUT_STATIC" />
			<Add option="-D__NO_INLINE__" />
			<Add directory="include" />
		</Compiler>
		<Linker>
			<Add option='[[if(PLATFORM == PLATFORM_MSW) {print(&quot;-Llib/win -lglfw3 -lglew32 -lopengl32 -lglu32 -lgdi32 -lchipmunk -lopenal32 -lalut -lwinmm&quot;); } else if(PLATFORM == PLATFORM_GTK ) {print(&quot;-Llib/linux -lglfw3 -lGLEW -lGL -lchipmunk -lalut -lopenal -lX11 -lXi -lXrandr -lXxf86vm -lXinerama -lXcursor -lpthread -ldl -Wl,-R../../lib/linux&quot;); };]]' />
		</Linker>
		<Unit filename="include/Arch.h" />
		<Unit filename="include/Boulder.h" />
		<Unit filename="include/Boundary.h" />
		<Unit filename="include/Camera.h" />
		<Unit filename="include/CollisionHandlers.h" />
		<Unit filename="include/DynamicObject.h" />
		<Unit filename="include/Environment.h" />
		<Unit filename="include/Game.h" />
		<Unit filename="include/Hero.h" />
		<Unit filename="include/ImgLoader.h" />
		<Unit filename="include/IncludeObjects.h" />
		<Unit filename="include/KinematicObject.h" />
		<Unit filename="include/Loader.h" />
		<Unit filename="include/Menu.h" />
		<Unit filename="include/MovingPlatform.h" />
		<Unit filename="include/Obj.h" />
		<Unit filename="include/ObjGPUData.h" />
		<Unit filename="include/ObjGPUDataStore.h" />
		<Unit filename="include/PhysicsObject.h" />
		<Unit filename="include/Platform.h" />
		<Unit filename="include/Ramp.h" />
		<Unit filename="include/Shader.h" />
		<Unit filename="include/ShaderStore.h" />
		<Unit filename="include/Skybox.h" />
		<Unit filename="include/Sound.h" />
		<Unit filename="include/SoundStore.h" />
		<Unit filename="include/Spear.h" />
		<Unit filename="include/Spikes.h" />
		<Unit filename="include/Stage.h" />
		<Unit filename="include/StageLoader.h" />
		<Unit filename="include/StandardObject.h" />
		<Unit filename="include/StaticObject.h" />
		<Unit filename="include/Surface.h" />
		<Unit filename="include/Wall.h" />
		<Unit filename="src/Arch.cpp" />
		<Unit filename="src/Boulder.cpp" />
		<Unit filename="src/Boundary.cpp" />
		<Unit filename="src/Camera.cpp" />
		<Unit filename="src/CollisionHandlers.cpp" />
		<Unit filename="src/DynamicObject.cpp" />
		<Unit filename="src/Environment.cpp" />
		<Unit filename="src/Game.cpp" />
		<Unit filename="src/Hero.cpp" />
		<Unit filename="src/ImgLoader.cpp" />
		<Unit filename="src/KinematicObject.cpp" />
		<Unit filename="src/Loader.cpp" />
		<Unit filename="src/Obj.cpp" />
		<Unit filename="src/ObjGPUData.cpp" />
		<Unit filename="src/ObjGPUDataStore.cpp" />
		<Unit filename="src/PhysicsObject.cpp" />
		<Unit filename="src/Platform.cpp" />
		<Unit filename="src/Ramp.cpp" />
		<Unit filename="src/Shader.cpp" />
		<Unit filename="src/ShaderStore.cpp" />
		<Unit filename="src/Skybox.cpp" />
		<Unit filename="src/Sound.cpp" />
		<Unit filename="src/SoundStore.cpp" />
		<Unit filename="src/Spear.cpp" />
		<Unit filename="src/Spikes.cpp" />
		<Unit filename="src/Stage.cpp" />
		<Unit filename="src/StageLoader.cpp" />
		<Unit filename="src/StandardObject.cpp" />
		<Unit filename="src/StaticObject.cpp" />
		<Unit filename="src/Surface.cpp" />
		<Unit filename="src/Wall.cpp" />
		<Unit filename="src/main.cpp" />
		<Extensions>
			<code_completion />
			<envvars />
			<debugger />
			<lib_finder disable_auto="1" />
		</Extensions>
	</Project>
</CodeBlocks_project_file>
