<?xml version="1.0" encoding="UTF-8" standalone="yes" ?>
<CodeBlocks_project_file>
	<FileVersion major="1" minor="6" />
	<Project>
		<Option title="PoC" />
		<Option makefile="makefile" />
		<Option pch_mode="2" />
		<Option compiler="gcc" />
		<Build>
			<Target title="Debug">
				<Option output="bin/Debug/Demo" prefix_auto="1" extension_auto="1" />
				<Option object_output="obj/Debug/" />
				<Option type="1" />
				<Option compiler="gcc" />
				<Compiler>
					<Add option="-g" />
					<Add directory="lib" />
					<Add directory="openal/include" />
				</Compiler>
				<Linker>
					<Add library="lib\win\libglew32.a" />
					<Add library="lib\win\libglfw3.a" />
					<Add library="lib\win\libchipmunk.a" />
					<Add library="openal\lib\alut.lib" />
					<Add library="openal\lib\openal32.lib" />
					<Add directory="lib/win" />
				</Linker>
			</Target>
			<Target title="Release">
				<Option output="bin/Release/Demo" prefix_auto="1" extension_auto="1" />
				<Option object_output="obj/Release/" />
				<Option type="1" />
				<Option compiler="gcc" />
				<Compiler>
					<Add option="-O2" />
				</Compiler>
				<Linker>
					<Add option="-s" />
					<Add library="lib\win\libchipmunk.a" />
					<Add library="lib\win\libglew32.a" />
					<Add library="lib\win\libglfw3.a" />
					<Add directory="lib/win" />
				</Linker>
			</Target>
		</Build>
		<Compiler>
			<Add option="-std=c++11" />
			<Add option="-Wall" />
			<Add option="-DGLEW_STATIC" />
			<Add option="-DGLM_FORCE_RADIANS" />
			<Add option="-DWIN32" />
			<Add directory="include" />
		</Compiler>
		<Linker>
			<Add library="glfw3" />
			<Add library="glew32" />
			<Add library="opengl32" />
			<Add library="glu32" />
			<Add library="gdi32" />
			<Add library="chipmunk" />
			<Add directory="lib" />
		</Linker>
		<Unit filename="BoundaryGPUData.h" />
		<Unit filename="Environment.cpp" />
		<Unit filename="Environment.h" />
		<Unit filename="Game.cpp" />
		<Unit filename="Game.h" />
		<Unit filename="ImgLoader.cpp" />
		<Unit filename="ImgLoader.h" />
		<Unit filename="Loader.cpp" />
		<Unit filename="Loader.h" />
		<Unit filename="Obj.cpp" />
		<Unit filename="Obj.h" />
		<Unit filename="ObjGPUData.cpp" />
		<Unit filename="ObjGPUData.h" />
		<Unit filename="ObjPhysicsData.h" />
		<Unit filename="auxi_snd.cpp" />
		<Unit filename="auxi_snd.h" />
		<Unit filename="gameInput.cpp" />
		<Unit filename="gameInput.h" />
		<Unit filename="main.cpp" />
		<Extensions>
			<code_completion />
			<envvars />
			<debugger />
			<lib_finder disable_auto="1" />
		</Extensions>
	</Project>
</CodeBlocks_project_file>
