<?xml version="1.0" encoding="UTF-8" standalone="yes" ?>
<CodeBlocks_project_file>
	<FileVersion major="1" minor="6" />
	<Project>
		<Option title="test" />
		<Option pch_mode="2" />
		<Option compiler="gcc" />
		<Build>
			<Target title="Debug">
				<Option output="bin/Debug/test" prefix_auto="1" extension_auto="1" />
				<Option object_output="obj/Debug/" />
				<Option type="1" />
				<Option compiler="gcc" />
				<Compiler>
					<Add option="-g" />
					<Add directory="openal/include" />
				</Compiler>
				<Linker>
					<Add library="openal\lib\openal32.lib" />
					<Add library="openal\lib\alut.lib" />
				</Linker>
			</Target>
			<Target title="Release">
				<Option output="bin/Release/test" prefix_auto="1" extension_auto="1" />
				<Option object_output="obj/Release/" />
				<Option type="1" />
				<Option compiler="gcc" />
				<Compiler>
					<Add option="-O2" />
					<Add directory="openal/include" />
				</Compiler>
				<Linker>
					<Add option="-s" />
					<Add library="openal\lib\openal32.lib" />
					<Add library="openal\lib\alut.lib" />
				</Linker>
			</Target>
		</Build>
		<Compiler>
			<Add option="-Wall" />
			<Add directory="openal/include" />
		</Compiler>
		<Linker>
			<Add library="openal\lib\openal32.lib" />
			<Add library="openal\lib\alut.lib" />
		</Linker>
		<Unit filename="main.c">
			<Option compilerVar="CC" />
		</Unit>
		<Unit filename="openaltest.c">
			<Option compilerVar="CC" />
		</Unit>
		<Unit filename="openaltest.h" />
		<Extensions>
			<code_completion />
			<envvars />
			<debugger />
			<lib_finder disable_auto="1" />
		</Extensions>
	</Project>
</CodeBlocks_project_file>
